{
  "object": {
    "pins": [
      {
        "package": "ReferenceKit",
        "repositoryURL": "https://github.com/BoilerSwift/ReferenceKit",
        "state": {
          "branch": null,
          "revision": "228010b5c152f065034625444d13cec66532845e",
          "version": "1.0.1"
        }
      }
    ]
  },
  "version": 1
}
