{
  "object": {
    "pins": [
      {
        "package": "ReferenceKit",
        "repositoryURL": "https://github.com/BoilerSwift/ReferenceKit",
        "state": {
          "branch": null,
          "revision": "873ce2deb50edb8af47f2b66e309a52c9e3fe9bf",
          "version": "0.0.3"
        }
      }
    ]
  },
  "version": 1
}
