{
  "object": {
    "pins": [
      {
        "package": "ReferenceKit",
        "repositoryURL": "https://github.com/BoilerSwift/ReferenceKit",
        "state": {
          "branch": null,
          "revision": "846291f30864d8b158ac73609c764a4231f886f3",
          "version": "0.0.2"
        }
      }
    ]
  },
  "version": 1
}
